{
    "name": "lsy-util",
    "version": "0.0.9",
    "lockfileVersion": 3,
    "requires": true,
    "packages": {
        "": {
            "name": "lsy-util",
            "version": "0.0.9",
            "license": "ISC",
            "dependencies": {
                "lsy-util": "file:"
            }
        },
        "node_modules/lsy-util": {
            "resolved": "",
            "link": true
        }
    }
}
